
Microsoft Visual Studio Solution File, Format Version 12.00
# Visual Studio Version 17
VisualStudioVersion = 17.14.36301.6 d17.14
MinimumVisualStudioVersion = 10.0.40219.1
Project("{FAE04EC0-301F-11D3-BF4B-00C04F79EFBC}") = "Inventory.API", "Inventory.API\Inventory.API.csproj", "{DB417DA1-498F-4F64-991E-7DBDD495292D}"
EndProject
Global
	GlobalSection(SolutionConfigurationPlatforms) = preSolution
		Debug|Any CPU = Debug|Any CPU
		Release|Any CPU = Release|Any CPU
	EndGlobalSection
	GlobalSection(ProjectConfigurationPlatforms) = postSolution
		{DB417DA1-498F-4F64-991E-7DBDD495292D}.Debug|Any CPU.ActiveCfg = Debug|Any CPU
		{DB417DA1-498F-4F64-991E-7DBDD495292D}.Debug|Any CPU.Build.0 = Debug|Any CPU
		{DB417DA1-498F-4F64-991E-7DBDD495292D}.Release|Any CPU.ActiveCfg = Release|Any CPU
		{DB417DA1-498F-4F64-991E-7DBDD495292D}.Release|Any CPU.Build.0 = Release|Any CPU
	EndGlobalSection
	GlobalSection(SolutionProperties) = preSolution
		HideSolutionNode = FALSE
	EndGlobalSection
	GlobalSection(ExtensibilityGlobals) = postSolution
		SolutionGuid = {51A08582-0819-4618-84E3-6E1F7FD28CB4}
	EndGlobalSection
EndGlobal
